
Microsoft Visual Studio Solution File, Format Version 12.00
# Visual Studio Version 16
VisualStudioVersion = 16.0.30523.141
MinimumVisualStudioVersion = 10.0.40219.1
Project("{FAE04EC0-301F-11D3-BF4B-00C04F79EFBC}") = "Hello-World", "Hello-World\Hello-World.csproj", "{4E26DD9E-5A2A-4226-8D9C-FD0E0813E58A}"
EndProject
Global
	GlobalSection(SolutionConfigurationPlatforms) = preSolution
		Debug|Any CPU = Debug|Any CPU
		Release|Any CPU = Release|Any CPU
	EndGlobalSection
	GlobalSection(ProjectConfigurationPlatforms) = postSolution
		{4E26DD9E-5A2A-4226-8D9C-FD0E0813E58A}.Debug|Any CPU.ActiveCfg = Debug|Any CPU
		{4E26DD9E-5A2A-4226-8D9C-FD0E0813E58A}.Debug|Any CPU.Build.0 = Debug|Any CPU
		{4E26DD9E-5A2A-4226-8D9C-FD0E0813E58A}.Release|Any CPU.ActiveCfg = Release|Any CPU
		{4E26DD9E-5A2A-4226-8D9C-FD0E0813E58A}.Release|Any CPU.Build.0 = Release|Any CPU
	EndGlobalSection
	GlobalSection(SolutionProperties) = preSolution
		HideSolutionNode = FALSE
	EndGlobalSection
	GlobalSection(ExtensibilityGlobals) = postSolution
		SolutionGuid = {98AA5D8A-3465-4AA2-824A-9C9F2229A9EF}
	EndGlobalSection
EndGlobal
